
Microsoft Visual Studio Solution File, Format Version 12.00
# Visual Studio Version 17
VisualStudioVersion = 17.13.35913.81 d17.13
MinimumVisualStudioVersion = 10.0.40219.1
Project("{FAE04EC0-301F-11D3-BF4B-00C04F79EFBC}") = "SwiftTalk", "SwiftTalk\SwiftTalk.csproj", "{DB27BB3A-E8A3-4D0E-98F0-EE599491D4B6}"
EndProject
Global
	GlobalSection(SolutionConfigurationPlatforms) = preSolution
		Debug|Any CPU = Debug|Any CPU
		Release|Any CPU = Release|Any CPU
	EndGlobalSection
	GlobalSection(ProjectConfigurationPlatforms) = postSolution
		{DB27BB3A-E8A3-4D0E-98F0-EE599491D4B6}.Debug|Any CPU.ActiveCfg = Debug|Any CPU
		{DB27BB3A-E8A3-4D0E-98F0-EE599491D4B6}.Debug|Any CPU.Build.0 = Debug|Any CPU
		{DB27BB3A-E8A3-4D0E-98F0-EE599491D4B6}.Release|Any CPU.ActiveCfg = Release|Any CPU
		{DB27BB3A-E8A3-4D0E-98F0-EE599491D4B6}.Release|Any CPU.Build.0 = Release|Any CPU
	EndGlobalSection
	GlobalSection(SolutionProperties) = preSolution
		HideSolutionNode = FALSE
	EndGlobalSection
	GlobalSection(ExtensibilityGlobals) = postSolution
		SolutionGuid = {831AA749-C531-41D5-B67F-75BCAC70C727}
	EndGlobalSection
EndGlobal
